
Microsoft Visual Studio Solution File, Format Version 12.00
# Visual Studio Version 17
VisualStudioVersion = 17.5.2.0
MinimumVisualStudioVersion = 10.0.40219.1
Project("{2150E333-8FDC-42A3-9474-1A3956D46DE8}") = "FastJobs.Core", "FastJobs.Core", "{9D033F8D-C60D-1A92-A32A-77025E5E4543}"
EndProject
Project("{FAE04EC0-301F-11D3-BF4B-00C04F79EFBC}") = "FastJobs", "src\FastJobs.Core\FastJobs.csproj", "{C379461F-D544-49FD-9E42-561448BC79EC}"
EndProject
Project("{FAE04EC0-301F-11D3-BF4B-00C04F79EFBC}") = "FastJobs.Dashboard", "src\FastJobs.Dashboard\FastJobs.Dashboard.csproj", "{306BBB46-AA9A-42C5-B6D4-0D67E3A27314}"
EndProject
Project("{FAE04EC0-301F-11D3-BF4B-00C04F79EFBC}") = "FastJobs.Persistence", "src\FastJobs.Persistence\FastJobs.Persistence.csproj", "{E0170DF9-F8B2-4D1A-8FD2-543A59978DB3}"
EndProject
Project("{2150E333-8FDC-42A3-9474-1A3956D46DE8}") = "Providers", "src\Providers", "{D9007A03-FD03-1159-6598-E081D0A1BEBA}"
EndProject
Project("{FAE04EC0-301F-11D3-BF4B-00C04F79EFBC}") = "FastJobs.SqlServer", "src\Providers\FastJobs.SqlServer\FastJobs.SqlServer.csproj", "{469F9F44-17C3-40ED-9D01-01AA16D898A0}"
EndProject
Project("{FAE04EC0-301F-11D3-BF4B-00C04F79EFBC}") = "FastJobs.MariaDB", "src\Providers\FastJobs.MariaDB\FastJobs.MariaDB.csproj", "{DE45BAC8-5EB4-48D7-ACB0-2183780A02A2}"
EndProject
Global
	GlobalSection(SolutionConfigurationPlatforms) = preSolution
		Debug|Any CPU = Debug|Any CPU
		Debug|x64 = Debug|x64
		Debug|x86 = Debug|x86
		Release|Any CPU = Release|Any CPU
		Release|x64 = Release|x64
		Release|x86 = Release|x86
	EndGlobalSection
	GlobalSection(ProjectConfigurationPlatforms) = postSolution
		{C379461F-D544-49FD-9E42-561448BC79EC}.Debug|Any CPU.ActiveCfg = Debug|Any CPU
		{C379461F-D544-49FD-9E42-561448BC79EC}.Debug|Any CPU.Build.0 = Debug|Any CPU
		{C379461F-D544-49FD-9E42-561448BC79EC}.Debug|x64.ActiveCfg = Debug|Any CPU
		{C379461F-D544-49FD-9E42-561448BC79EC}.Debug|x64.Build.0 = Debug|Any CPU
		{C379461F-D544-49FD-9E42-561448BC79EC}.Debug|x86.ActiveCfg = Debug|Any CPU
		{C379461F-D544-49FD-9E42-561448BC79EC}.Debug|x86.Build.0 = Debug|Any CPU
		{C379461F-D544-49FD-9E42-561448BC79EC}.Release|Any CPU.ActiveCfg = Release|Any CPU
		{C379461F-D544-49FD-9E42-561448BC79EC}.Release|Any CPU.Build.0 = Release|Any CPU
		{C379461F-D544-49FD-9E42-561448BC79EC}.Release|x64.ActiveCfg = Release|Any CPU
		{C379461F-D544-49FD-9E42-561448BC79EC}.Release|x64.Build.0 = Release|Any CPU
		{C379461F-D544-49FD-9E42-561448BC79EC}.Release|x86.ActiveCfg = Release|Any CPU
		{C379461F-D544-49FD-9E42-561448BC79EC}.Release|x86.Build.0 = Release|Any CPU
		{306BBB46-AA9A-42C5-B6D4-0D67E3A27314}.Debug|Any CPU.ActiveCfg = Debug|Any CPU
		{306BBB46-AA9A-42C5-B6D4-0D67E3A27314}.Debug|Any CPU.Build.0 = Debug|Any CPU
		{306BBB46-AA9A-42C5-B6D4-0D67E3A27314}.Debug|x64.ActiveCfg = Debug|Any CPU
		{306BBB46-AA9A-42C5-B6D4-0D67E3A27314}.Debug|x64.Build.0 = Debug|Any CPU
		{306BBB46-AA9A-42C5-B6D4-0D67E3A27314}.Debug|x86.ActiveCfg = Debug|Any CPU
		{306BBB46-AA9A-42C5-B6D4-0D67E3A27314}.Debug|x86.Build.0 = Debug|Any CPU
		{306BBB46-AA9A-42C5-B6D4-0D67E3A27314}.Release|Any CPU.ActiveCfg = Release|Any CPU
		{306BBB46-AA9A-42C5-B6D4-0D67E3A27314}.Release|Any CPU.Build.0 = Release|Any CPU
		{306BBB46-AA9A-42C5-B6D4-0D67E3A27314}.Release|x64.ActiveCfg = Release|Any CPU
		{306BBB46-AA9A-42C5-B6D4-0D67E3A27314}.Release|x64.Build.0 = Release|Any CPU
		{306BBB46-AA9A-42C5-B6D4-0D67E3A27314}.Release|x86.ActiveCfg = Release|Any CPU
		{306BBB46-AA9A-42C5-B6D4-0D67E3A27314}.Release|x86.Build.0 = Release|Any CPU
		{E0170DF9-F8B2-4D1A-8FD2-543A59978DB3}.Debug|Any CPU.ActiveCfg = Debug|Any CPU
		{E0170DF9-F8B2-4D1A-8FD2-543A59978DB3}.Debug|Any CPU.Build.0 = Debug|Any CPU
		{E0170DF9-F8B2-4D1A-8FD2-543A59978DB3}.Debug|x64.ActiveCfg = Debug|Any CPU
		{E0170DF9-F8B2-4D1A-8FD2-543A59978DB3}.Debug|x64.Build.0 = Debug|Any CPU
		{E0170DF9-F8B2-4D1A-8FD2-543A59978DB3}.Debug|x86.ActiveCfg = Debug|Any CPU
		{E0170DF9-F8B2-4D1A-8FD2-543A59978DB3}.Debug|x86.Build.0 = Debug|Any CPU
		{E0170DF9-F8B2-4D1A-8FD2-543A59978DB3}.Release|Any CPU.ActiveCfg = Release|Any CPU
		{E0170DF9-F8B2-4D1A-8FD2-543A59978DB3}.Release|Any CPU.Build.0 = Release|Any CPU
		{E0170DF9-F8B2-4D1A-8FD2-543A59978DB3}.Release|x64.ActiveCfg = Release|Any CPU
		{E0170DF9-F8B2-4D1A-8FD2-543A59978DB3}.Release|x64.Build.0 = Release|Any CPU
		{E0170DF9-F8B2-4D1A-8FD2-543A59978DB3}.Release|x86.ActiveCfg = Release|Any CPU
		{E0170DF9-F8B2-4D1A-8FD2-543A59978DB3}.Release|x86.Build.0 = Release|Any CPU
		{469F9F44-17C3-40ED-9D01-01AA16D898A0}.Debug|Any CPU.ActiveCfg = Debug|Any CPU
		{469F9F44-17C3-40ED-9D01-01AA16D898A0}.Debug|Any CPU.Build.0 = Debug|Any CPU
		{469F9F44-17C3-40ED-9D01-01AA16D898A0}.Debug|x64.ActiveCfg = Debug|Any CPU
		{469F9F44-17C3-40ED-9D01-01AA16D898A0}.Debug|x64.Build.0 = Debug|Any CPU
		{469F9F44-17C3-40ED-9D01-01AA16D898A0}.Debug|x86.ActiveCfg = Debug|Any CPU
		{469F9F44-17C3-40ED-9D01-01AA16D898A0}.Debug|x86.Build.0 = Debug|Any CPU
		{469F9F44-17C3-40ED-9D01-01AA16D898A0}.Release|Any CPU.ActiveCfg = Release|Any CPU
		{469F9F44-17C3-40ED-9D01-01AA16D898A0}.Release|Any CPU.Build.0 = Release|Any CPU
		{469F9F44-17C3-40ED-9D01-01AA16D898A0}.Release|x64.ActiveCfg = Release|Any CPU
		{469F9F44-17C3-40ED-9D01-01AA16D898A0}.Release|x64.Build.0 = Release|Any CPU
		{469F9F44-17C3-40ED-9D01-01AA16D898A0}.Release|x86.ActiveCfg = Release|Any CPU
		{469F9F44-17C3-40ED-9D01-01AA16D898A0}.Release|x86.Build.0 = Release|Any CPU
		{DE45BAC8-5EB4-48D7-ACB0-2183780A02A2}.Debug|Any CPU.ActiveCfg = Debug|Any CPU
		{DE45BAC8-5EB4-48D7-ACB0-2183780A02A2}.Debug|Any CPU.Build.0 = Debug|Any CPU
		{DE45BAC8-5EB4-48D7-ACB0-2183780A02A2}.Debug|x64.ActiveCfg = Debug|Any CPU
		{DE45BAC8-5EB4-48D7-ACB0-2183780A02A2}.Debug|x64.Build.0 = Debug|Any CPU
		{DE45BAC8-5EB4-48D7-ACB0-2183780A02A2}.Debug|x86.ActiveCfg = Debug|Any CPU
		{DE45BAC8-5EB4-48D7-ACB0-2183780A02A2}.Debug|x86.Build.0 = Debug|Any CPU
		{DE45BAC8-5EB4-48D7-ACB0-2183780A02A2}.Release|Any CPU.ActiveCfg = Release|Any CPU
		{DE45BAC8-5EB4-48D7-ACB0-2183780A02A2}.Release|Any CPU.Build.0 = Release|Any CPU
		{DE45BAC8-5EB4-48D7-ACB0-2183780A02A2}.Release|x64.ActiveCfg = Release|Any CPU
		{DE45BAC8-5EB4-48D7-ACB0-2183780A02A2}.Release|x64.Build.0 = Release|Any CPU
		{DE45BAC8-5EB4-48D7-ACB0-2183780A02A2}.Release|x86.ActiveCfg = Release|Any CPU
		{DE45BAC8-5EB4-48D7-ACB0-2183780A02A2}.Release|x86.Build.0 = Release|Any CPU
	EndGlobalSection
	GlobalSection(SolutionProperties) = preSolution
		HideSolutionNode = FALSE
	EndGlobalSection
	GlobalSection(NestedProjects) = preSolution
		{C379461F-D544-49FD-9E42-561448BC79EC} = {9D033F8D-C60D-1A92-A32A-77025E5E4543}
		{469F9F44-17C3-40ED-9D01-01AA16D898A0} = {D9007A03-FD03-1159-6598-E081D0A1BEBA}
		{DE45BAC8-5EB4-48D7-ACB0-2183780A02A2} = {D9007A03-FD03-1159-6598-E081D0A1BEBA}
	EndGlobalSection
	GlobalSection(ExtensibilityGlobals) = postSolution
		SolutionGuid = {F75ABA55-A81F-4334-8091-22EA53A7EA70}
	EndGlobalSection
EndGlobal
