
Microsoft Visual Studio Solution File, Format Version 12.00
# Visual Studio Version 17
VisualStudioVersion = 17.0.31903.59
MinimumVisualStudioVersion = 10.0.40219.1
Project("{2150E333-8FDC-42A3-9474-1A3956D46DE8}") = "Repositories", "Repositories", "{C45387E7-A239-B248-5540-D77B4284F48B}"
EndProject
Project("{FAE04EC0-301F-11D3-BF4B-00C04F79EFBC}") = "RepoTests", "Repositories\RepoTests.csproj", "{359D70E5-E230-4E10-90AC-06239C41EFC2}"
EndProject
Project("{FAE04EC0-301F-11D3-BF4B-00C04F79EFBC}") = "ChainedJobs-test", "ChainJobs-test\ChainedJobs-test.csproj", "{D8CA6186-3679-43F4-BB38-236F19AC2A95}"
EndProject
Project("{FAE04EC0-301F-11D3-BF4B-00C04F79EFBC}") = "CleanupStrategiesTest", "DBCleanup-test\CleanupStrategiesTest.csproj", "{139473CA-4BB1-44C9-ABE3-E1B11093CCA1}"
EndProject
Project("{FAE04EC0-301F-11D3-BF4B-00C04F79EFBC}") = "DBHostFixtureProvider", "DBHostFixtureProviders\DBHostFixtureProvider.csproj", "{87AB90FE-BFFB-4A19-A2BA-EF8BCD66DE77}"
EndProject
Project("{FAE04EC0-301F-11D3-BF4B-00C04F79EFBC}") = "AfterAction", "Fastjobs.AfterAction\AfterAction.csproj", "{D52A9F59-B198-44F7-A0BF-347BAB99AA2C}"
EndProject
Project("{FAE04EC0-301F-11D3-BF4B-00C04F79EFBC}") = "FailjobsTest", "Fastjobs.FailedJobsTest\FailjobsTest.csproj", "{C44C8DA1-397D-4D9D-96FA-3464E58E63F6}"
EndProject
Project("{FAE04EC0-301F-11D3-BF4B-00C04F79EFBC}") = "RecurringJobsSweepTest", "Fastjobs.RecurringJobsSweepTest\RecurringJobsSweepTest.csproj", "{42E3CF20-DCAB-430F-AC29-D04F4995D197}"
EndProject
Project("{FAE04EC0-301F-11D3-BF4B-00C04F79EFBC}") = "RetryThenSucceed", "Fastjobs.RetryThenSuccedTests\RetryThenSucceed.csproj", "{C091E0EB-563C-48E1-A63B-E0C28B24A52A}"
EndProject
Project("{FAE04EC0-301F-11D3-BF4B-00C04F79EFBC}") = "MisfireTest", "Misfire-test\MisfireTest.csproj", "{FDDB550D-CD2E-4522-8E08-B8A6EE54A855}"
EndProject
Project("{FAE04EC0-301F-11D3-BF4B-00C04F79EFBC}") = "TerminateException", "TerminateExceptionTest\TerminateException.csproj", "{3128FF76-F67F-46A3-909D-FAAC1FB00232}"
EndProject
Global
	GlobalSection(SolutionConfigurationPlatforms) = preSolution
		Debug|Any CPU = Debug|Any CPU
		Debug|x64 = Debug|x64
		Debug|x86 = Debug|x86
		Release|Any CPU = Release|Any CPU
		Release|x64 = Release|x64
		Release|x86 = Release|x86
	EndGlobalSection
	GlobalSection(ProjectConfigurationPlatforms) = postSolution
		{359D70E5-E230-4E10-90AC-06239C41EFC2}.Debug|Any CPU.ActiveCfg = Debug|Any CPU
		{359D70E5-E230-4E10-90AC-06239C41EFC2}.Debug|Any CPU.Build.0 = Debug|Any CPU
		{359D70E5-E230-4E10-90AC-06239C41EFC2}.Debug|x64.ActiveCfg = Debug|Any CPU
		{359D70E5-E230-4E10-90AC-06239C41EFC2}.Debug|x64.Build.0 = Debug|Any CPU
		{359D70E5-E230-4E10-90AC-06239C41EFC2}.Debug|x86.ActiveCfg = Debug|Any CPU
		{359D70E5-E230-4E10-90AC-06239C41EFC2}.Debug|x86.Build.0 = Debug|Any CPU
		{359D70E5-E230-4E10-90AC-06239C41EFC2}.Release|Any CPU.ActiveCfg = Release|Any CPU
		{359D70E5-E230-4E10-90AC-06239C41EFC2}.Release|Any CPU.Build.0 = Release|Any CPU
		{359D70E5-E230-4E10-90AC-06239C41EFC2}.Release|x64.ActiveCfg = Release|Any CPU
		{359D70E5-E230-4E10-90AC-06239C41EFC2}.Release|x64.Build.0 = Release|Any CPU
		{359D70E5-E230-4E10-90AC-06239C41EFC2}.Release|x86.ActiveCfg = Release|Any CPU
		{359D70E5-E230-4E10-90AC-06239C41EFC2}.Release|x86.Build.0 = Release|Any CPU
		{D8CA6186-3679-43F4-BB38-236F19AC2A95}.Debug|Any CPU.ActiveCfg = Debug|Any CPU
		{D8CA6186-3679-43F4-BB38-236F19AC2A95}.Debug|Any CPU.Build.0 = Debug|Any CPU
		{D8CA6186-3679-43F4-BB38-236F19AC2A95}.Debug|x64.ActiveCfg = Debug|Any CPU
		{D8CA6186-3679-43F4-BB38-236F19AC2A95}.Debug|x64.Build.0 = Debug|Any CPU
		{D8CA6186-3679-43F4-BB38-236F19AC2A95}.Debug|x86.ActiveCfg = Debug|Any CPU
		{D8CA6186-3679-43F4-BB38-236F19AC2A95}.Debug|x86.Build.0 = Debug|Any CPU
		{D8CA6186-3679-43F4-BB38-236F19AC2A95}.Release|Any CPU.ActiveCfg = Release|Any CPU
		{D8CA6186-3679-43F4-BB38-236F19AC2A95}.Release|Any CPU.Build.0 = Release|Any CPU
		{D8CA6186-3679-43F4-BB38-236F19AC2A95}.Release|x64.ActiveCfg = Release|Any CPU
		{D8CA6186-3679-43F4-BB38-236F19AC2A95}.Release|x64.Build.0 = Release|Any CPU
		{D8CA6186-3679-43F4-BB38-236F19AC2A95}.Release|x86.ActiveCfg = Release|Any CPU
		{D8CA6186-3679-43F4-BB38-236F19AC2A95}.Release|x86.Build.0 = Release|Any CPU
		{139473CA-4BB1-44C9-ABE3-E1B11093CCA1}.Debug|Any CPU.ActiveCfg = Debug|Any CPU
		{139473CA-4BB1-44C9-ABE3-E1B11093CCA1}.Debug|Any CPU.Build.0 = Debug|Any CPU
		{139473CA-4BB1-44C9-ABE3-E1B11093CCA1}.Debug|x64.ActiveCfg = Debug|Any CPU
		{139473CA-4BB1-44C9-ABE3-E1B11093CCA1}.Debug|x64.Build.0 = Debug|Any CPU
		{139473CA-4BB1-44C9-ABE3-E1B11093CCA1}.Debug|x86.ActiveCfg = Debug|Any CPU
		{139473CA-4BB1-44C9-ABE3-E1B11093CCA1}.Debug|x86.Build.0 = Debug|Any CPU
		{139473CA-4BB1-44C9-ABE3-E1B11093CCA1}.Release|Any CPU.ActiveCfg = Release|Any CPU
		{139473CA-4BB1-44C9-ABE3-E1B11093CCA1}.Release|Any CPU.Build.0 = Release|Any CPU
		{139473CA-4BB1-44C9-ABE3-E1B11093CCA1}.Release|x64.ActiveCfg = Release|Any CPU
		{139473CA-4BB1-44C9-ABE3-E1B11093CCA1}.Release|x64.Build.0 = Release|Any CPU
		{139473CA-4BB1-44C9-ABE3-E1B11093CCA1}.Release|x86.ActiveCfg = Release|Any CPU
		{139473CA-4BB1-44C9-ABE3-E1B11093CCA1}.Release|x86.Build.0 = Release|Any CPU
		{87AB90FE-BFFB-4A19-A2BA-EF8BCD66DE77}.Debug|Any CPU.ActiveCfg = Debug|Any CPU
		{87AB90FE-BFFB-4A19-A2BA-EF8BCD66DE77}.Debug|Any CPU.Build.0 = Debug|Any CPU
		{87AB90FE-BFFB-4A19-A2BA-EF8BCD66DE77}.Debug|x64.ActiveCfg = Debug|Any CPU
		{87AB90FE-BFFB-4A19-A2BA-EF8BCD66DE77}.Debug|x64.Build.0 = Debug|Any CPU
		{87AB90FE-BFFB-4A19-A2BA-EF8BCD66DE77}.Debug|x86.ActiveCfg = Debug|Any CPU
		{87AB90FE-BFFB-4A19-A2BA-EF8BCD66DE77}.Debug|x86.Build.0 = Debug|Any CPU
		{87AB90FE-BFFB-4A19-A2BA-EF8BCD66DE77}.Release|Any CPU.ActiveCfg = Release|Any CPU
		{87AB90FE-BFFB-4A19-A2BA-EF8BCD66DE77}.Release|Any CPU.Build.0 = Release|Any CPU
		{87AB90FE-BFFB-4A19-A2BA-EF8BCD66DE77}.Release|x64.ActiveCfg = Release|Any CPU
		{87AB90FE-BFFB-4A19-A2BA-EF8BCD66DE77}.Release|x64.Build.0 = Release|Any CPU
		{87AB90FE-BFFB-4A19-A2BA-EF8BCD66DE77}.Release|x86.ActiveCfg = Release|Any CPU
		{87AB90FE-BFFB-4A19-A2BA-EF8BCD66DE77}.Release|x86.Build.0 = Release|Any CPU
		{D52A9F59-B198-44F7-A0BF-347BAB99AA2C}.Debug|Any CPU.ActiveCfg = Debug|Any CPU
		{D52A9F59-B198-44F7-A0BF-347BAB99AA2C}.Debug|Any CPU.Build.0 = Debug|Any CPU
		{D52A9F59-B198-44F7-A0BF-347BAB99AA2C}.Debug|x64.ActiveCfg = Debug|Any CPU
		{D52A9F59-B198-44F7-A0BF-347BAB99AA2C}.Debug|x64.Build.0 = Debug|Any CPU
		{D52A9F59-B198-44F7-A0BF-347BAB99AA2C}.Debug|x86.ActiveCfg = Debug|Any CPU
		{D52A9F59-B198-44F7-A0BF-347BAB99AA2C}.Debug|x86.Build.0 = Debug|Any CPU
		{D52A9F59-B198-44F7-A0BF-347BAB99AA2C}.Release|Any CPU.ActiveCfg = Release|Any CPU
		{D52A9F59-B198-44F7-A0BF-347BAB99AA2C}.Release|Any CPU.Build.0 = Release|Any CPU
		{D52A9F59-B198-44F7-A0BF-347BAB99AA2C}.Release|x64.ActiveCfg = Release|Any CPU
		{D52A9F59-B198-44F7-A0BF-347BAB99AA2C}.Release|x64.Build.0 = Release|Any CPU
		{D52A9F59-B198-44F7-A0BF-347BAB99AA2C}.Release|x86.ActiveCfg = Release|Any CPU
		{D52A9F59-B198-44F7-A0BF-347BAB99AA2C}.Release|x86.Build.0 = Release|Any CPU
		{C44C8DA1-397D-4D9D-96FA-3464E58E63F6}.Debug|Any CPU.ActiveCfg = Debug|Any CPU
		{C44C8DA1-397D-4D9D-96FA-3464E58E63F6}.Debug|Any CPU.Build.0 = Debug|Any CPU
		{C44C8DA1-397D-4D9D-96FA-3464E58E63F6}.Debug|x64.ActiveCfg = Debug|Any CPU
		{C44C8DA1-397D-4D9D-96FA-3464E58E63F6}.Debug|x64.Build.0 = Debug|Any CPU
		{C44C8DA1-397D-4D9D-96FA-3464E58E63F6}.Debug|x86.ActiveCfg = Debug|Any CPU
		{C44C8DA1-397D-4D9D-96FA-3464E58E63F6}.Debug|x86.Build.0 = Debug|Any CPU
		{C44C8DA1-397D-4D9D-96FA-3464E58E63F6}.Release|Any CPU.ActiveCfg = Release|Any CPU
		{C44C8DA1-397D-4D9D-96FA-3464E58E63F6}.Release|Any CPU.Build.0 = Release|Any CPU
		{C44C8DA1-397D-4D9D-96FA-3464E58E63F6}.Release|x64.ActiveCfg = Release|Any CPU
		{C44C8DA1-397D-4D9D-96FA-3464E58E63F6}.Release|x64.Build.0 = Release|Any CPU
		{C44C8DA1-397D-4D9D-96FA-3464E58E63F6}.Release|x86.ActiveCfg = Release|Any CPU
		{C44C8DA1-397D-4D9D-96FA-3464E58E63F6}.Release|x86.Build.0 = Release|Any CPU
		{42E3CF20-DCAB-430F-AC29-D04F4995D197}.Debug|Any CPU.ActiveCfg = Debug|Any CPU
		{42E3CF20-DCAB-430F-AC29-D04F4995D197}.Debug|Any CPU.Build.0 = Debug|Any CPU
		{42E3CF20-DCAB-430F-AC29-D04F4995D197}.Debug|x64.ActiveCfg = Debug|Any CPU
		{42E3CF20-DCAB-430F-AC29-D04F4995D197}.Debug|x64.Build.0 = Debug|Any CPU
		{42E3CF20-DCAB-430F-AC29-D04F4995D197}.Debug|x86.ActiveCfg = Debug|Any CPU
		{42E3CF20-DCAB-430F-AC29-D04F4995D197}.Debug|x86.Build.0 = Debug|Any CPU
		{42E3CF20-DCAB-430F-AC29-D04F4995D197}.Release|Any CPU.ActiveCfg = Release|Any CPU
		{42E3CF20-DCAB-430F-AC29-D04F4995D197}.Release|Any CPU.Build.0 = Release|Any CPU
		{42E3CF20-DCAB-430F-AC29-D04F4995D197}.Release|x64.ActiveCfg = Release|Any CPU
		{42E3CF20-DCAB-430F-AC29-D04F4995D197}.Release|x64.Build.0 = Release|Any CPU
		{42E3CF20-DCAB-430F-AC29-D04F4995D197}.Release|x86.ActiveCfg = Release|Any CPU
		{42E3CF20-DCAB-430F-AC29-D04F4995D197}.Release|x86.Build.0 = Release|Any CPU
		{C091E0EB-563C-48E1-A63B-E0C28B24A52A}.Debug|Any CPU.ActiveCfg = Debug|Any CPU
		{C091E0EB-563C-48E1-A63B-E0C28B24A52A}.Debug|Any CPU.Build.0 = Debug|Any CPU
		{C091E0EB-563C-48E1-A63B-E0C28B24A52A}.Debug|x64.ActiveCfg = Debug|Any CPU
		{C091E0EB-563C-48E1-A63B-E0C28B24A52A}.Debug|x64.Build.0 = Debug|Any CPU
		{C091E0EB-563C-48E1-A63B-E0C28B24A52A}.Debug|x86.ActiveCfg = Debug|Any CPU
		{C091E0EB-563C-48E1-A63B-E0C28B24A52A}.Debug|x86.Build.0 = Debug|Any CPU
		{C091E0EB-563C-48E1-A63B-E0C28B24A52A}.Release|Any CPU.ActiveCfg = Release|Any CPU
		{C091E0EB-563C-48E1-A63B-E0C28B24A52A}.Release|Any CPU.Build.0 = Release|Any CPU
		{C091E0EB-563C-48E1-A63B-E0C28B24A52A}.Release|x64.ActiveCfg = Release|Any CPU
		{C091E0EB-563C-48E1-A63B-E0C28B24A52A}.Release|x64.Build.0 = Release|Any CPU
		{C091E0EB-563C-48E1-A63B-E0C28B24A52A}.Release|x86.ActiveCfg = Release|Any CPU
		{C091E0EB-563C-48E1-A63B-E0C28B24A52A}.Release|x86.Build.0 = Release|Any CPU
		{FDDB550D-CD2E-4522-8E08-B8A6EE54A855}.Debug|Any CPU.ActiveCfg = Debug|Any CPU
		{FDDB550D-CD2E-4522-8E08-B8A6EE54A855}.Debug|Any CPU.Build.0 = Debug|Any CPU
		{FDDB550D-CD2E-4522-8E08-B8A6EE54A855}.Debug|x64.ActiveCfg = Debug|Any CPU
		{FDDB550D-CD2E-4522-8E08-B8A6EE54A855}.Debug|x64.Build.0 = Debug|Any CPU
		{FDDB550D-CD2E-4522-8E08-B8A6EE54A855}.Debug|x86.ActiveCfg = Debug|Any CPU
		{FDDB550D-CD2E-4522-8E08-B8A6EE54A855}.Debug|x86.Build.0 = Debug|Any CPU
		{FDDB550D-CD2E-4522-8E08-B8A6EE54A855}.Release|Any CPU.ActiveCfg = Release|Any CPU
		{FDDB550D-CD2E-4522-8E08-B8A6EE54A855}.Release|Any CPU.Build.0 = Release|Any CPU
		{FDDB550D-CD2E-4522-8E08-B8A6EE54A855}.Release|x64.ActiveCfg = Release|Any CPU
		{FDDB550D-CD2E-4522-8E08-B8A6EE54A855}.Release|x64.Build.0 = Release|Any CPU
		{FDDB550D-CD2E-4522-8E08-B8A6EE54A855}.Release|x86.ActiveCfg = Release|Any CPU
		{FDDB550D-CD2E-4522-8E08-B8A6EE54A855}.Release|x86.Build.0 = Release|Any CPU
		{3128FF76-F67F-46A3-909D-FAAC1FB00232}.Debug|Any CPU.ActiveCfg = Debug|Any CPU
		{3128FF76-F67F-46A3-909D-FAAC1FB00232}.Debug|Any CPU.Build.0 = Debug|Any CPU
		{3128FF76-F67F-46A3-909D-FAAC1FB00232}.Debug|x64.ActiveCfg = Debug|Any CPU
		{3128FF76-F67F-46A3-909D-FAAC1FB00232}.Debug|x64.Build.0 = Debug|Any CPU
		{3128FF76-F67F-46A3-909D-FAAC1FB00232}.Debug|x86.ActiveCfg = Debug|Any CPU
		{3128FF76-F67F-46A3-909D-FAAC1FB00232}.Debug|x86.Build.0 = Debug|Any CPU
		{3128FF76-F67F-46A3-909D-FAAC1FB00232}.Release|Any CPU.ActiveCfg = Release|Any CPU
		{3128FF76-F67F-46A3-909D-FAAC1FB00232}.Release|Any CPU.Build.0 = Release|Any CPU
		{3128FF76-F67F-46A3-909D-FAAC1FB00232}.Release|x64.ActiveCfg = Release|Any CPU
		{3128FF76-F67F-46A3-909D-FAAC1FB00232}.Release|x64.Build.0 = Release|Any CPU
		{3128FF76-F67F-46A3-909D-FAAC1FB00232}.Release|x86.ActiveCfg = Release|Any CPU
		{3128FF76-F67F-46A3-909D-FAAC1FB00232}.Release|x86.Build.0 = Release|Any CPU
	EndGlobalSection
	GlobalSection(SolutionProperties) = preSolution
		HideSolutionNode = FALSE
	EndGlobalSection
	GlobalSection(NestedProjects) = preSolution
		{359D70E5-E230-4E10-90AC-06239C41EFC2} = {C45387E7-A239-B248-5540-D77B4284F48B}
	EndGlobalSection
EndGlobal
